
Microsoft Visual Studio Solution File, Format Version 12.00
# Visual Studio 15
VisualStudioVersion = 15.0.28307.1267
MinimumVisualStudioVersion = 10.0.40219.1
Project("{FAE04EC0-301F-11D3-BF4B-00C04F79EFBC}") = "ClientChatApp_027_AuliyaUswatunKhasanah", "ClientChatApp_027_AuliyaUswatunKhasanah\ClientChatApp_027_AuliyaUswatunKhasanah.csproj", "{0B596199-908E-4BFB-83D8-C824B1055DDE}"
EndProject
Global
	GlobalSection(SolutionConfigurationPlatforms) = preSolution
		Debug|Any CPU = Debug|Any CPU
		Release|Any CPU = Release|Any CPU
	EndGlobalSection
	GlobalSection(ProjectConfigurationPlatforms) = postSolution
		{0B596199-908E-4BFB-83D8-C824B1055DDE}.Debug|Any CPU.ActiveCfg = Debug|Any CPU
		{0B596199-908E-4BFB-83D8-C824B1055DDE}.Debug|Any CPU.Build.0 = Debug|Any CPU
		{0B596199-908E-4BFB-83D8-C824B1055DDE}.Release|Any CPU.ActiveCfg = Release|Any CPU
		{0B596199-908E-4BFB-83D8-C824B1055DDE}.Release|Any CPU.Build.0 = Release|Any CPU
	EndGlobalSection
	GlobalSection(SolutionProperties) = preSolution
		HideSolutionNode = FALSE
	EndGlobalSection
	GlobalSection(ExtensibilityGlobals) = postSolution
		SolutionGuid = {308B6808-79BE-4169-84DC-CA3BDE38BBB7}
	EndGlobalSection
EndGlobal
